// !$*UTF8*$!
{
	archiveVersion = 1;
	classes = {
	};
	objectVersion = 56;
	objects = {

/* Begin PBXBuildFile section */
		80BAF3922CF655BF0091FF28 /* ContentView.swift in Sources */ = {isa = PBXBuildFile; fileRef = 80BAF3912CF655BF0091FF28 /* ContentView.swift */; };
		80BAF3942CF655C00091FF28 /* Assets.xcassets in Resources */ = {isa = PBXBuildFile; fileRef = 80BAF3932CF655C00091FF28 /* Assets.xcassets */; };
		80BAF3972CF655C00091FF28 /* Preview Assets.xcassets in Resources */ = {isa = PBXBuildFile; fileRef = 80BAF3962CF655C00091FF28 /* Preview Assets.xcassets */; };
		80BAF3992CF655C00091FF28 /* Persistence.swift in Sources */ = {isa = PBXBuildFile; fileRef = 80BAF3982CF655C00091FF28 /* Persistence.swift */; };
		80BAF39C2CF655C00091FF28 /* Simone.xcdatamodeld in Sources */ = {isa = PBXBuildFile; fileRef = 80BAF39A2CF655C00091FF28 /* Simone.xcdatamodeld */; };
		80BAF3A32CF658E30091FF28 /* APIService.swift in Sources */ = {isa = PBXBuildFile; fileRef = 80BAF3A22CF658E30091FF28 /* APIService.swift */; };
		80BAF3A52CF659680091FF28 /* UltimoApp.swift in Sources */ = {isa = PBXBuildFile; fileRef = 80BAF3A42CF659680091FF28 /* UltimoApp.swift */; };
		80BAF3A72CF659A70091FF28 /* AddItemView.swift in Sources */ = {isa = PBXBuildFile; fileRef = 80BAF3A62CF659A70091FF28 /* AddItemView.swift */; };
		80BAF3A92CF659C30091FF28 /* ItemModel.swift in Sources */ = {isa = PBXBuildFile; fileRef = 80BAF3A82CF659C30091FF28 /* ItemModel.swift */; };
		80BAF3AB2CF659DB0091FF28 /* ItemDetailView.swift in Sources */ = {isa = PBXBuildFile; fileRef = 80BAF3AA2CF659DB0091FF28 /* ItemDetailView.swift */; };
/* End PBXBuildFile section */

/* Begin PBXFileReference section */
		80BAF38C2CF655BF0091FF28 /* Simone.app */ = {isa = PBXFileReference; explicitFileType = wrapper.application; includeInIndex = 0; path = Simone.app; sourceTree = BUILT_PRODUCTS_DIR; };
		80BAF3912CF655BF0091FF28 /* ContentView.swift */ = {isa = PBXFileReference; lastKnownFileType = sourcecode.swift; path = ContentView.swift; sourceTree = "<group>"; };
		80BAF3932CF655C00091FF28 /* Assets.xcassets */ = {isa = PBXFileReference; lastKnownFileType = folder.assetcatalog; path = Assets.xcassets; sourceTree = "<group>"; };
		80BAF3962CF655C00091FF28 /* Preview Assets.xcassets */ = {isa = PBXFileReference; lastKnownFileType = folder.assetcatalog; path = "Preview Assets.xcassets"; sourceTree = "<group>"; };
		80BAF3982CF655C00091FF28 /* Persistence.swift */ = {isa = PBXFileReference; lastKnownFileType = sourcecode.swift; path = Persistence.swift; sourceTree = "<group>"; };
		80BAF39B2CF655C00091FF28 /* Simone.xcdatamodel */ = {isa = PBXFileReference; lastKnownFileType = wrapper.xcdatamodel; path = Simone.xcdatamodel; sourceTree = "<group>"; };
		80BAF3A22CF658E30091FF28 /* APIService.swift */ = {isa = PBXFileReference; lastKnownFileType = sourcecode.swift; path = APIService.swift; sourceTree = "<group>"; };
		80BAF3A42CF659680091FF28 /* UltimoApp.swift */ = {isa = PBXFileReference; lastKnownFileType = sourcecode.swift; path = UltimoApp.swift; sourceTree = "<group>"; };
		80BAF3A62CF659A70091FF28 /* AddItemView.swift */ = {isa = PBXFileReference; lastKnownFileType = sourcecode.swift; path = AddItemView.swift; sourceTree = "<group>"; };
		80BAF3A82CF659C30091FF28 /* ItemModel.swift */ = {isa = PBXFileReference; lastKnownFileType = sourcecode.swift; path = ItemModel.swift; sourceTree = "<group>"; };
		80BAF3AA2CF659DB0091FF28 /* ItemDetailView.swift */ = {isa = PBXFileReference; lastKnownFileType = sourcecode.swift; path = ItemDetailView.swift; sourceTree = "<group>"; };
/* End PBXFileReference section */

/* Begin PBXFrameworksBuildPhase section */
		80BAF3892CF655BF0091FF28 /* Frameworks */ = {
			isa = PBXFrameworksBuildPhase;
			buildActionMask = 2147483647;
			files = (
			);
			runOnlyForDeploymentPostprocessing = 0;
		};
/* End PBXFrameworksBuildPhase section */

/* Begin PBXGroup section */
		80BAF3832CF655BF0091FF28 = {
			isa = PBXGroup;
			children = (
				80BAF38E2CF655BF0091FF28 /* Ultimo */,
				80BAF38D2CF655BF0091FF28 /* Products */,
			);
			sourceTree = "<group>";
		};
		80BAF38D2CF655BF0091FF28 /* Products */ = {
			isa = PBXGroup;
			children = (
				80BAF38C2CF655BF0091FF28 /* Simone.app */,
			);
			name = Products;
			sourceTree = "<group>";
		};
		80BAF38E2CF655BF0091FF28 /* Ultimo */ = {
			isa = PBXGroup;
			children = (
				80BAF3A42CF659680091FF28 /* UltimoApp.swift */,
				80BAF3A82CF659C30091FF28 /* ItemModel.swift */,
				80BAF3A62CF659A70091FF28 /* AddItemView.swift */,
				80BAF3AA2CF659DB0091FF28 /* ItemDetailView.swift */,
				80BAF3A22CF658E30091FF28 /* APIService.swift */,
				80BAF3912CF655BF0091FF28 /* ContentView.swift */,
				80BAF3982CF655C00091FF28 /* Persistence.swift */,
				80BAF3932CF655C00091FF28 /* Assets.xcassets */,
				80BAF39A2CF655C00091FF28 /* Simone.xcdatamodeld */,
				80BAF3952CF655C00091FF28 /* Preview Content */,
			);
			path = Ultimo;
			sourceTree = "<group>";
		};
		80BAF3952CF655C00091FF28 /* Preview Content */ = {
			isa = PBXGroup;
			children = (
				80BAF3962CF655C00091FF28 /* Preview Assets.xcassets */,
			);
			path = "Preview Content";
			sourceTree = "<group>";
		};
/* End PBXGroup section */

/* Begin PBXNativeTarget section */
		80BAF38B2CF655BF0091FF28 /* Simone */ = {
			isa = PBXNativeTarget;
			buildConfigurationList = 80BAF39F2CF655C00091FF28 /* Build configuration list for PBXNativeTarget "Simone" */;
			buildPhases = (
				80BAF3882CF655BF0091FF28 /* Sources */,
				80BAF3892CF655BF0091FF28 /* Frameworks */,
				80BAF38A2CF655BF0091FF28 /* Resources */,
			);
			buildRules = (
			);
			dependencies = (
			);
			name = Simone;
			productName = Simone;
			productReference = 80BAF38C2CF655BF0091FF28 /* Simone.app */;
			productType = "com.apple.product-type.application";
		};
/* End PBXNativeTarget section */

/* Begin PBXProject section */
		80BAF3842CF655BF0091FF28 /* Project object */ = {
			isa = PBXProject;
			attributes = {
				BuildIndependentTargetsInParallel = 1;
				LastSwiftUpdateCheck = 1520;
				LastUpgradeCheck = 1520;
				TargetAttributes = {
					80BAF38B2CF655BF0091FF28 = {
						CreatedOnToolsVersion = 15.2;
					};
				};
			};
			buildConfigurationList = 80BAF3872CF655BF0091FF28 /* Build configuration list for PBXProject "Simone" */;
			compatibilityVersion = "Xcode 14.0";
			developmentRegion = en;
			hasScannedForEncodings = 0;
			knownRegions = (
				en,
				Base,
			);
			mainGroup = 80BAF3832CF655BF0091FF28;
			productRefGroup = 80BAF38D2CF655BF0091FF28 /* Products */;
			projectDirPath = "";
			projectRoot = "";
			targets = (
				80BAF38B2CF655BF0091FF28 /* Simone */,
			);
		};
/* End PBXProject section */

/* Begin PBXResourcesBuildPhase section */
		80BAF38A2CF655BF0091FF28 /* Resources */ = {
			isa = PBXResourcesBuildPhase;
			buildActionMask = 2147483647;
			files = (
				80BAF3972CF655C00091FF28 /* Preview Assets.xcassets in Resources */,
				80BAF3942CF655C00091FF28 /* Assets.xcassets in Resources */,
			);
			runOnlyForDeploymentPostprocessing = 0;
		};
/* End PBXResourcesBuildPhase section */

/* Begin PBXSourcesBuildPhase section */
		80BAF3882CF655BF0091FF28 /* Sources */ = {
			isa = PBXSourcesBuildPhase;
			buildActionMask = 2147483647;
			files = (
				80BAF3992CF655C00091FF28 /* Persistence.swift in Sources */,
				80BAF3A72CF659A70091FF28 /* AddItemView.swift in Sources */,
				80BAF3A52CF659680091FF28 /* UltimoApp.swift in Sources */,
				80BAF3A32CF658E30091FF28 /* APIService.swift in Sources */,
				80BAF3AB2CF659DB0091FF28 /* ItemDetailView.swift in Sources */,
				80BAF3922CF655BF0091FF28 /* ContentView.swift in Sources */,
				80BAF3A92CF659C30091FF28 /* ItemModel.swift in Sources */,
				80BAF39C2CF655C00091FF28 /* Simone.xcdatamodeld in Sources */,
			);
			runOnlyForDeploymentPostprocessing = 0;
		};
/* End PBXSourcesBuildPhase section */

/* Begin XCBuildConfiguration section */
		80BAF39D2CF655C00091FF28 /* Debug */ = {
			isa = XCBuildConfiguration;
			buildSettings = {
				ALWAYS_SEARCH_USER_PATHS = NO;
				ASSETCATALOG_COMPILER_GENERATE_SWIFT_ASSET_SYMBOL_EXTENSIONS = YES;
				CLANG_ANALYZER_NONNULL = YES;
				CLANG_ANALYZER_NUMBER_OBJECT_CONVERSION = YES_AGGRESSIVE;
				CLANG_CXX_LANGUAGE_STANDARD = "gnu++20";
				CLANG_ENABLE_MODULES = YES;
				CLANG_ENABLE_OBJC_ARC = YES;
				CLANG_ENABLE_OBJC_WEAK = YES;
				CLANG_WARN_BLOCK_CAPTURE_AUTORELEASING = YES;
				CLANG_WARN_BOOL_CONVERSION = YES;
				CLANG_WARN_COMMA = YES;
				CLANG_WARN_CONSTANT_CONVERSION = YES;
				CLANG_WARN_DEPRECATED_OBJC_IMPLEMENTATIONS = YES;
				CLANG_WARN_DIRECT_OBJC_ISA_USAGE = YES_ERROR;
				CLANG_WARN_DOCUMENTATION_COMMENTS = YES;
				CLANG_WARN_EMPTY_BODY = YES;
				CLANG_WARN_ENUM_CONVERSION = YES;
				CLANG_WARN_INFINITE_RECURSION = YES;
				CLANG_WARN_INT_CONVERSION = YES;
				CLANG_WARN_NON_LITERAL_NULL_CONVERSION = YES;
				CLANG_WARN_OBJC_IMPLICIT_RETAIN_SELF = YES;
				CLANG_WARN_OBJC_LITERAL_CONVERSION = YES;
				CLANG_WARN_OBJC_ROOT_CLASS = YES_ERROR;
				CLANG_WARN_QUOTED_INCLUDE_IN_FRAMEWORK_HEADER = YES;
				CLANG_WARN_RANGE_LOOP_ANALYSIS = YES;
				CLANG_WARN_STRICT_PROTOTYPES = YES;
				CLANG_WARN_SUSPICIOUS_MOVE = YES;
				CLANG_WARN_UNGUARDED_AVAILABILITY = YES_AGGRESSIVE;
				CLANG_WARN_UNREACHABLE_CODE = YES;
				CLANG_WARN__DUPLICATE_METHOD_MATCH = YES;
				COPY_PHASE_STRIP = NO;
				DEBUG_INFORMATION_FORMAT = dwarf;
				ENABLE_STRICT_OBJC_MSGSEND = YES;
				ENABLE_TESTABILITY = YES;
				ENABLE_USER_SCRIPT_SANDBOXING = YES;
				GCC_C_LANGUAGE_STANDARD = gnu17;
				GCC_DYNAMIC_NO_PIC = NO;
				GCC_NO_COMMON_BLOCKS = YES;
				GCC_OPTIMIZATION_LEVEL = 0;
				GCC_PREPROCESSOR_DEFINITIONS = (
					"DEBUG=1",
					"$(inherited)",
				);
				GCC_WARN_64_TO_32_BIT_CONVERSION = YES;
				GCC_WARN_ABOUT_RETURN_TYPE = YES_ERROR;
				GCC_WARN_UNDECLARED_SELECTOR = YES;
				GCC_WARN_UNINITIALIZED_AUTOS = YES_AGGRESSIVE;
				GCC_WARN_UNUSED_FUNCTION = YES;
				GCC_WARN_UNUSED_VARIABLE = YES;
				IPHONEOS_DEPLOYMENT_TARGET = 17.2;
				LOCALIZATION_PREFERS_STRING_CATALOGS = YES;
				MTL_ENABLE_DEBUG_INFO = INCLUDE_SOURCE;
				MTL_FAST_MATH = YES;
				ONLY_ACTIVE_ARCH = YES;
				SDKROOT = iphoneos;
				SWIFT_ACTIVE_COMPILATION_CONDITIONS = "DEBUG $(inherited)";
				SWIFT_OPTIMIZATION_LEVEL = "-Onone";
			};
			name = Debug;
		};
		80BAF39E2CF655C00091FF28 /* Release */ = {
			isa = XCBuildConfiguration;
			buildSettings = {
				ALWAYS_SEARCH_USER_PATHS = NO;
				ASSETCATALOG_COMPILER_GENERATE_SWIFT_ASSET_SYMBOL_EXTENSIONS = YES;
				CLANG_ANALYZER_NONNULL = YES;
				CLANG_ANALYZER_NUMBER_OBJECT_CONVERSION = YES_AGGRESSIVE;
				CLANG_CXX_LANGUAGE_STANDARD = "gnu++20";
				CLANG_ENABLE_MODULES = YES;
				CLANG_ENABLE_OBJC_ARC = YES;
				CLANG_ENABLE_OBJC_WEAK = YES;
				CLANG_WARN_BLOCK_CAPTURE_AUTORELEASING = YES;
				CLANG_WARN_BOOL_CONVERSION = YES;
				CLANG_WARN_COMMA = YES;
				CLANG_WARN_CONSTANT_CONVERSION = YES;
				CLANG_WARN_DEPRECATED_OBJC_IMPLEMENTATIONS = YES;
				CLANG_WARN_DIRECT_OBJC_ISA_USAGE = YES_ERROR;
				CLANG_WARN_DOCUMENTATION_COMMENTS = YES;
				CLANG_WARN_EMPTY_BODY = YES;
				CLANG_WARN_ENUM_CONVERSION = YES;
				CLANG_WARN_INFINITE_RECURSION = YES;
				CLANG_WARN_INT_CONVERSION = YES;
				CLANG_WARN_NON_LITERAL_NULL_CONVERSION = YES;
				CLANG_WARN_OBJC_IMPLICIT_RETAIN_SELF = YES;
				CLANG_WARN_OBJC_LITERAL_CONVERSION = YES;
				CLANG_WARN_OBJC_ROOT_CLASS = YES_ERROR;
				CLANG_WARN_QUOTED_INCLUDE_IN_FRAMEWORK_HEADER = YES;
				CLANG_WARN_RANGE_LOOP_ANALYSIS = YES;
				CLANG_WARN_STRICT_PROTOTYPES = YES;
				CLANG_WARN_SUSPICIOUS_MOVE = YES;
				CLANG_WARN_UNGUARDED_AVAILABILITY = YES_AGGRESSIVE;
				CLANG_WARN_UNREACHABLE_CODE = YES;
				CLANG_WARN__DUPLICATE_METHOD_MATCH = YES;
				COPY_PHASE_STRIP = NO;
				DEBUG_INFORMATION_FORMAT = "dwarf-with-dsym";
				ENABLE_NS_ASSERTIONS = NO;
				ENABLE_STRICT_OBJC_MSGSEND = YES;
				ENABLE_USER_SCRIPT_SANDBOXING = YES;
				GCC_C_LANGUAGE_STANDARD = gnu17;
				GCC_NO_COMMON_BLOCKS = YES;
				GCC_WARN_64_TO_32_BIT_CONVERSION = YES;
				GCC_WARN_ABOUT_RETURN_TYPE = YES_ERROR;
				GCC_WARN_UNDECLARED_SELECTOR = YES;
				GCC_WARN_UNINITIALIZED_AUTOS = YES_AGGRESSIVE;
				GCC_WARN_UNUSED_FUNCTION = YES;
				GCC_WARN_UNUSED_VARIABLE = YES;
				IPHONEOS_DEPLOYMENT_TARGET = 17.2;
				LOCALIZATION_PREFERS_STRING_CATALOGS = YES;
				MTL_ENABLE_DEBUG_INFO = NO;
				MTL_FAST_MATH = YES;
				SDKROOT = iphoneos;
				SWIFT_COMPILATION_MODE = wholemodule;
				VALIDATE_PRODUCT = YES;
			};
			name = Release;
		};
		80BAF3A02CF655C00091FF28 /* Debug */ = {
			isa = XCBuildConfiguration;
			buildSettings = {
				ASSETCATALOG_COMPILER_APPICON_NAME = AppIcon;
				ASSETCATALOG_COMPILER_GLOBAL_ACCENT_COLOR_NAME = AccentColor;
				CODE_SIGN_STYLE = Automatic;
				CURRENT_PROJECT_VERSION = 1;
				DEVELOPMENT_ASSET_PATHS = "\"Ultimo/Preview Content\"";
				ENABLE_PREVIEWS = YES;
				GENERATE_INFOPLIST_FILE = YES;
				INFOPLIST_KEY_UIApplicationSceneManifest_Generation = YES;
				INFOPLIST_KEY_UIApplicationSupportsIndirectInputEvents = YES;
				INFOPLIST_KEY_UILaunchScreen_Generation = YES;
				INFOPLIST_KEY_UISupportedInterfaceOrientations_iPad = "UIInterfaceOrientationPortrait UIInterfaceOrientationPortraitUpsideDown UIInterfaceOrientationLandscapeLeft UIInterfaceOrientationLandscapeRight";
				INFOPLIST_KEY_UISupportedInterfaceOrientations_iPhone = "UIInterfaceOrientationPortrait UIInterfaceOrientationLandscapeLeft UIInterfaceOrientationLandscapeRight";
				LD_RUNPATH_SEARCH_PATHS = (
					"$(inherited)",
					"@executable_path/Frameworks",
				);
				MARKETING_VERSION = 1.0;
				PRODUCT_BUNDLE_IDENTIFIER = Play.Simone;
				PRODUCT_NAME = "$(TARGET_NAME)";
				SWIFT_EMIT_LOC_STRINGS = YES;
				SWIFT_VERSION = 5.0;
				TARGETED_DEVICE_FAMILY = "1,2";
			};
			name = Debug;
		};
		80BAF3A12CF655C00091FF28 /* Release */ = {
			isa = XCBuildConfiguration;
			buildSettings = {
				ASSETCATALOG_COMPILER_APPICON_NAME = AppIcon;
				ASSETCATALOG_COMPILER_GLOBAL_ACCENT_COLOR_NAME = AccentColor;
				CODE_SIGN_STYLE = Automatic;
				CURRENT_PROJECT_VERSION = 1;
				DEVELOPMENT_ASSET_PATHS = "\"Ultimo/Preview Content\"";
				ENABLE_PREVIEWS = YES;
				GENERATE_INFOPLIST_FILE = YES;
				INFOPLIST_KEY_UIApplicationSceneManifest_Generation = YES;
				INFOPLIST_KEY_UIApplicationSupportsIndirectInputEvents = YES;
				INFOPLIST_KEY_UILaunchScreen_Generation = YES;
				INFOPLIST_KEY_UISupportedInterfaceOrientations_iPad = "UIInterfaceOrientationPortrait UIInterfaceOrientationPortraitUpsideDown UIInterfaceOrientationLandscapeLeft UIInterfaceOrientationLandscapeRight";
				INFOPLIST_KEY_UISupportedInterfaceOrientations_iPhone = "UIInterfaceOrientationPortrait UIInterfaceOrientationLandscapeLeft UIInterfaceOrientationLandscapeRight";
				LD_RUNPATH_SEARCH_PATHS = (
					"$(inherited)",
					"@executable_path/Frameworks",
				);
				MARKETING_VERSION = 1.0;
				PRODUCT_BUNDLE_IDENTIFIER = Play.Simone;
				PRODUCT_NAME = "$(TARGET_NAME)";
				SWIFT_EMIT_LOC_STRINGS = YES;
				SWIFT_VERSION = 5.0;
				TARGETED_DEVICE_FAMILY = "1,2";
			};
			name = Release;
		};
/* End XCBuildConfiguration section */

/* Begin XCConfigurationList section */
		80BAF3872CF655BF0091FF28 /* Build configuration list for PBXProject "Simone" */ = {
			isa = XCConfigurationList;
			buildConfigurations = (
				80BAF39D2CF655C00091FF28 /* Debug */,
				80BAF39E2CF655C00091FF28 /* Release */,
			);
			defaultConfigurationIsVisible = 0;
			defaultConfigurationName = Release;
		};
		80BAF39F2CF655C00091FF28 /* Build configuration list for PBXNativeTarget "Simone" */ = {
			isa = XCConfigurationList;
			buildConfigurations = (
				80BAF3A02CF655C00091FF28 /* Debug */,
				80BAF3A12CF655C00091FF28 /* Release */,
			);
			defaultConfigurationIsVisible = 0;
			defaultConfigurationName = Release;
		};
/* End XCConfigurationList section */

/* Begin XCVersionGroup section */
		80BAF39A2CF655C00091FF28 /* Simone.xcdatamodeld */ = {
			isa = XCVersionGroup;
			children = (
				80BAF39B2CF655C00091FF28 /* Simone.xcdatamodel */,
			);
			currentVersion = 80BAF39B2CF655C00091FF28 /* Simone.xcdatamodel */;
			path = Simone.xcdatamodeld;
			sourceTree = "<group>";
			versionGroupType = wrapper.xcdatamodel;
		};
/* End XCVersionGroup section */
	};
	rootObject = 80BAF3842CF655BF0091FF28 /* Project object */;
}
