// !$*UTF8*$!
{
	archiveVersion = 1;
	classes = {
	};
	objectVersion = 56;
	objects = {

/* Begin PBXBuildFile section */
		826458292CD95F12008A1786 /* book_catalogue_api_with_swift_uiApp.swift in Sources */ = {isa = PBXBuildFile; fileRef = 826458282CD95F12008A1786 /* book_catalogue_api_with_swift_uiApp.swift */; };
		8264582B2CD95F12008A1786 /* ContentView.swift in Sources */ = {isa = PBXBuildFile; fileRef = 8264582A2CD95F12008A1786 /* ContentView.swift */; };
		8264582D2CD95F13008A1786 /* Assets.xcassets in Resources */ = {isa = PBXBuildFile; fileRef = 8264582C2CD95F13008A1786 /* Assets.xcassets */; };
		826458312CD95F13008A1786 /* Preview Assets.xcassets in Resources */ = {isa = PBXBuildFile; fileRef = 826458302CD95F13008A1786 /* Preview Assets.xcassets */; };
		8264583B2CD95F13008A1786 /* book_catalogue_api_with_swift_uiTests.swift in Sources */ = {isa = PBXBuildFile; fileRef = 8264583A2CD95F13008A1786 /* book_catalogue_api_with_swift_uiTests.swift */; };
		826458452CD95F13008A1786 /* book_catalogue_api_with_swift_uiUITests.swift in Sources */ = {isa = PBXBuildFile; fileRef = 826458442CD95F13008A1786 /* book_catalogue_api_with_swift_uiUITests.swift */; };
		826458472CD95F13008A1786 /* book_catalogue_api_with_swift_uiUITestsLaunchTests.swift in Sources */ = {isa = PBXBuildFile; fileRef = 826458462CD95F13008A1786 /* book_catalogue_api_with_swift_uiUITestsLaunchTests.swift */; };
		826458542CD96122008A1786 /* Livro.swift in Sources */ = {isa = PBXBuildFile; fileRef = 826458532CD96122008A1786 /* Livro.swift */; };
		826458582CD96182008A1786 /* ApiService.swift in Sources */ = {isa = PBXBuildFile; fileRef = 826458572CD96182008A1786 /* ApiService.swift */; };
		8264585B2CD961B6008A1786 /* LivroViewModel.swift in Sources */ = {isa = PBXBuildFile; fileRef = 8264585A2CD961B6008A1786 /* LivroViewModel.swift */; };
		8264585E2CD961FA008A1786 /* DetalhesView.swift in Sources */ = {isa = PBXBuildFile; fileRef = 8264585D2CD961FA008A1786 /* DetalhesView.swift */; };
		826458612CD9621C008A1786 /* CadastroView.swift in Sources */ = {isa = PBXBuildFile; fileRef = 826458602CD9621C008A1786 /* CadastroView.swift */; };
/* End PBXBuildFile section */

/* Begin PBXContainerItemProxy section */
		826458372CD95F13008A1786 /* PBXContainerItemProxy */ = {
			isa = PBXContainerItemProxy;
			containerPortal = 8264581D2CD95F12008A1786 /* Project object */;
			proxyType = 1;
			remoteGlobalIDString = 826458242CD95F12008A1786;
			remoteInfo = "book-catalogue-api-with-swift-ui";
		};
		826458412CD95F13008A1786 /* PBXContainerItemProxy */ = {
			isa = PBXContainerItemProxy;
			containerPortal = 8264581D2CD95F12008A1786 /* Project object */;
			proxyType = 1;
			remoteGlobalIDString = 826458242CD95F12008A1786;
			remoteInfo = "book-catalogue-api-with-swift-ui";
		};
/* End PBXContainerItemProxy section */

/* Begin PBXFileReference section */
		826458252CD95F12008A1786 /* book-catalogue-api-with-swift-ui.app */ = {isa = PBXFileReference; explicitFileType = wrapper.application; includeInIndex = 0; path = "book-catalogue-api-with-swift-ui.app"; sourceTree = BUILT_PRODUCTS_DIR; };
		826458282CD95F12008A1786 /* book_catalogue_api_with_swift_uiApp.swift */ = {isa = PBXFileReference; lastKnownFileType = sourcecode.swift; path = book_catalogue_api_with_swift_uiApp.swift; sourceTree = "<group>"; };
		8264582A2CD95F12008A1786 /* ContentView.swift */ = {isa = PBXFileReference; lastKnownFileType = sourcecode.swift; path = ContentView.swift; sourceTree = "<group>"; };
		8264582C2CD95F13008A1786 /* Assets.xcassets */ = {isa = PBXFileReference; lastKnownFileType = folder.assetcatalog; path = Assets.xcassets; sourceTree = "<group>"; };
		8264582E2CD95F13008A1786 /* book_catalogue_api_with_swift_ui.entitlements */ = {isa = PBXFileReference; lastKnownFileType = text.plist.entitlements; path = book_catalogue_api_with_swift_ui.entitlements; sourceTree = "<group>"; };
		826458302CD95F13008A1786 /* Preview Assets.xcassets */ = {isa = PBXFileReference; lastKnownFileType = folder.assetcatalog; path = "Preview Assets.xcassets"; sourceTree = "<group>"; };
		826458362CD95F13008A1786 /* book-catalogue-api-with-swift-uiTests.xctest */ = {isa = PBXFileReference; explicitFileType = wrapper.cfbundle; includeInIndex = 0; path = "book-catalogue-api-with-swift-uiTests.xctest"; sourceTree = BUILT_PRODUCTS_DIR; };
		8264583A2CD95F13008A1786 /* book_catalogue_api_with_swift_uiTests.swift */ = {isa = PBXFileReference; lastKnownFileType = sourcecode.swift; path = book_catalogue_api_with_swift_uiTests.swift; sourceTree = "<group>"; };
		826458402CD95F13008A1786 /* book-catalogue-api-with-swift-uiUITests.xctest */ = {isa = PBXFileReference; explicitFileType = wrapper.cfbundle; includeInIndex = 0; path = "book-catalogue-api-with-swift-uiUITests.xctest"; sourceTree = BUILT_PRODUCTS_DIR; };
		826458442CD95F13008A1786 /* book_catalogue_api_with_swift_uiUITests.swift */ = {isa = PBXFileReference; lastKnownFileType = sourcecode.swift; path = book_catalogue_api_with_swift_uiUITests.swift; sourceTree = "<group>"; };
		826458462CD95F13008A1786 /* book_catalogue_api_with_swift_uiUITestsLaunchTests.swift */ = {isa = PBXFileReference; lastKnownFileType = sourcecode.swift; path = book_catalogue_api_with_swift_uiUITestsLaunchTests.swift; sourceTree = "<group>"; };
		826458532CD96122008A1786 /* Livro.swift */ = {isa = PBXFileReference; lastKnownFileType = sourcecode.swift; path = Livro.swift; sourceTree = "<group>"; };
		826458572CD96182008A1786 /* ApiService.swift */ = {isa = PBXFileReference; lastKnownFileType = sourcecode.swift; path = ApiService.swift; sourceTree = "<group>"; };
		8264585A2CD961B6008A1786 /* LivroViewModel.swift */ = {isa = PBXFileReference; lastKnownFileType = sourcecode.swift; path = LivroViewModel.swift; sourceTree = "<group>"; };
		8264585D2CD961FA008A1786 /* DetalhesView.swift */ = {isa = PBXFileReference; lastKnownFileType = sourcecode.swift; path = DetalhesView.swift; sourceTree = "<group>"; };
		826458602CD9621C008A1786 /* CadastroView.swift */ = {isa = PBXFileReference; lastKnownFileType = sourcecode.swift; path = CadastroView.swift; sourceTree = "<group>"; };
/* End PBXFileReference section */

/* Begin PBXFrameworksBuildPhase section */
		826458222CD95F12008A1786 /* Frameworks */ = {
			isa = PBXFrameworksBuildPhase;
			buildActionMask = 2147483647;
			files = (
			);
			runOnlyForDeploymentPostprocessing = 0;
		};
		826458332CD95F13008A1786 /* Frameworks */ = {
			isa = PBXFrameworksBuildPhase;
			buildActionMask = 2147483647;
			files = (
			);
			runOnlyForDeploymentPostprocessing = 0;
		};
		8264583D2CD95F13008A1786 /* Frameworks */ = {
			isa = PBXFrameworksBuildPhase;
			buildActionMask = 2147483647;
			files = (
			);
			runOnlyForDeploymentPostprocessing = 0;
		};
/* End PBXFrameworksBuildPhase section */

/* Begin PBXGroup section */
		8264581C2CD95F12008A1786 = {
			isa = PBXGroup;
			children = (
				826458272CD95F12008A1786 /* book-catalogue-api-with-swift-ui */,
				826458392CD95F13008A1786 /* book-catalogue-api-with-swift-uiTests */,
				826458432CD95F13008A1786 /* book-catalogue-api-with-swift-uiUITests */,
				826458262CD95F12008A1786 /* Products */,
			);
			sourceTree = "<group>";
		};
		826458262CD95F12008A1786 /* Products */ = {
			isa = PBXGroup;
			children = (
				826458252CD95F12008A1786 /* book-catalogue-api-with-swift-ui.app */,
				826458362CD95F13008A1786 /* book-catalogue-api-with-swift-uiTests.xctest */,
				826458402CD95F13008A1786 /* book-catalogue-api-with-swift-uiUITests.xctest */,
			);
			name = Products;
			sourceTree = "<group>";
		};
		826458272CD95F12008A1786 /* book-catalogue-api-with-swift-ui */ = {
			isa = PBXGroup;
			children = (
				8264585C2CD961ED008A1786 /* views */,
				826458592CD96199008A1786 /* viewModels */,
				826458562CD96165008A1786 /* models */,
				826458552CD9615E008A1786 /* service */,
				826458282CD95F12008A1786 /* book_catalogue_api_with_swift_uiApp.swift */,
				8264582A2CD95F12008A1786 /* ContentView.swift */,
				8264582C2CD95F13008A1786 /* Assets.xcassets */,
				8264582E2CD95F13008A1786 /* book_catalogue_api_with_swift_ui.entitlements */,
				8264582F2CD95F13008A1786 /* Preview Content */,
			);
			path = "book-catalogue-api-with-swift-ui";
			sourceTree = "<group>";
		};
		8264582F2CD95F13008A1786 /* Preview Content */ = {
			isa = PBXGroup;
			children = (
				826458302CD95F13008A1786 /* Preview Assets.xcassets */,
			);
			path = "Preview Content";
			sourceTree = "<group>";
		};
		826458392CD95F13008A1786 /* book-catalogue-api-with-swift-uiTests */ = {
			isa = PBXGroup;
			children = (
				8264583A2CD95F13008A1786 /* book_catalogue_api_with_swift_uiTests.swift */,
			);
			path = "book-catalogue-api-with-swift-uiTests";
			sourceTree = "<group>";
		};
		826458432CD95F13008A1786 /* book-catalogue-api-with-swift-uiUITests */ = {
			isa = PBXGroup;
			children = (
				826458442CD95F13008A1786 /* book_catalogue_api_with_swift_uiUITests.swift */,
				826458462CD95F13008A1786 /* book_catalogue_api_with_swift_uiUITestsLaunchTests.swift */,
			);
			path = "book-catalogue-api-with-swift-uiUITests";
			sourceTree = "<group>";
		};
		826458552CD9615E008A1786 /* service */ = {
			isa = PBXGroup;
			children = (
				826458572CD96182008A1786 /* ApiService.swift */,
			);
			path = service;
			sourceTree = "<group>";
		};
		826458562CD96165008A1786 /* models */ = {
			isa = PBXGroup;
			children = (
				826458532CD96122008A1786 /* Livro.swift */,
			);
			path = models;
			sourceTree = "<group>";
		};
		826458592CD96199008A1786 /* viewModels */ = {
			isa = PBXGroup;
			children = (
				8264585A2CD961B6008A1786 /* LivroViewModel.swift */,
			);
			path = viewModels;
			sourceTree = "<group>";
		};
		8264585C2CD961ED008A1786 /* views */ = {
			isa = PBXGroup;
			children = (
				8264585D2CD961FA008A1786 /* DetalhesView.swift */,
				826458602CD9621C008A1786 /* CadastroView.swift */,
			);
			path = views;
			sourceTree = "<group>";
		};
/* End PBXGroup section */

/* Begin PBXNativeTarget section */
		826458242CD95F12008A1786 /* book-catalogue-api-with-swift-ui */ = {
			isa = PBXNativeTarget;
			buildConfigurationList = 8264584A2CD95F13008A1786 /* Build configuration list for PBXNativeTarget "book-catalogue-api-with-swift-ui" */;
			buildPhases = (
				826458212CD95F12008A1786 /* Sources */,
				826458222CD95F12008A1786 /* Frameworks */,
				826458232CD95F12008A1786 /* Resources */,
			);
			buildRules = (
			);
			dependencies = (
			);
			name = "book-catalogue-api-with-swift-ui";
			productName = "book-catalogue-api-with-swift-ui";
			productReference = 826458252CD95F12008A1786 /* book-catalogue-api-with-swift-ui.app */;
			productType = "com.apple.product-type.application";
		};
		826458352CD95F13008A1786 /* book-catalogue-api-with-swift-uiTests */ = {
			isa = PBXNativeTarget;
			buildConfigurationList = 8264584D2CD95F13008A1786 /* Build configuration list for PBXNativeTarget "book-catalogue-api-with-swift-uiTests" */;
			buildPhases = (
				826458322CD95F13008A1786 /* Sources */,
				826458332CD95F13008A1786 /* Frameworks */,
				826458342CD95F13008A1786 /* Resources */,
			);
			buildRules = (
			);
			dependencies = (
				826458382CD95F13008A1786 /* PBXTargetDependency */,
			);
			name = "book-catalogue-api-with-swift-uiTests";
			productName = "book-catalogue-api-with-swift-uiTests";
			productReference = 826458362CD95F13008A1786 /* book-catalogue-api-with-swift-uiTests.xctest */;
			productType = "com.apple.product-type.bundle.unit-test";
		};
		8264583F2CD95F13008A1786 /* book-catalogue-api-with-swift-uiUITests */ = {
			isa = PBXNativeTarget;
			buildConfigurationList = 826458502CD95F13008A1786 /* Build configuration list for PBXNativeTarget "book-catalogue-api-with-swift-uiUITests" */;
			buildPhases = (
				8264583C2CD95F13008A1786 /* Sources */,
				8264583D2CD95F13008A1786 /* Frameworks */,
				8264583E2CD95F13008A1786 /* Resources */,
			);
			buildRules = (
			);
			dependencies = (
				826458422CD95F13008A1786 /* PBXTargetDependency */,
			);
			name = "book-catalogue-api-with-swift-uiUITests";
			productName = "book-catalogue-api-with-swift-uiUITests";
			productReference = 826458402CD95F13008A1786 /* book-catalogue-api-with-swift-uiUITests.xctest */;
			productType = "com.apple.product-type.bundle.ui-testing";
		};
/* End PBXNativeTarget section */

/* Begin PBXProject section */
		8264581D2CD95F12008A1786 /* Project object */ = {
			isa = PBXProject;
			attributes = {
				BuildIndependentTargetsInParallel = 1;
				LastSwiftUpdateCheck = 1520;
				LastUpgradeCheck = 1520;
				TargetAttributes = {
					826458242CD95F12008A1786 = {
						CreatedOnToolsVersion = 15.2;
					};
					826458352CD95F13008A1786 = {
						CreatedOnToolsVersion = 15.2;
						TestTargetID = 826458242CD95F12008A1786;
					};
					8264583F2CD95F13008A1786 = {
						CreatedOnToolsVersion = 15.2;
						TestTargetID = 826458242CD95F12008A1786;
					};
				};
			};
			buildConfigurationList = 826458202CD95F12008A1786 /* Build configuration list for PBXProject "book-catalogue-api-with-swift-ui" */;
			compatibilityVersion = "Xcode 14.0";
			developmentRegion = en;
			hasScannedForEncodings = 0;
			knownRegions = (
				en,
				Base,
			);
			mainGroup = 8264581C2CD95F12008A1786;
			productRefGroup = 826458262CD95F12008A1786 /* Products */;
			projectDirPath = "";
			projectRoot = "";
			targets = (
				826458242CD95F12008A1786 /* book-catalogue-api-with-swift-ui */,
				826458352CD95F13008A1786 /* book-catalogue-api-with-swift-uiTests */,
				8264583F2CD95F13008A1786 /* book-catalogue-api-with-swift-uiUITests */,
			);
		};
/* End PBXProject section */

/* Begin PBXResourcesBuildPhase section */
		826458232CD95F12008A1786 /* Resources */ = {
			isa = PBXResourcesBuildPhase;
			buildActionMask = 2147483647;
			files = (
				826458312CD95F13008A1786 /* Preview Assets.xcassets in Resources */,
				8264582D2CD95F13008A1786 /* Assets.xcassets in Resources */,
			);
			runOnlyForDeploymentPostprocessing = 0;
		};
		826458342CD95F13008A1786 /* Resources */ = {
			isa = PBXResourcesBuildPhase;
			buildActionMask = 2147483647;
			files = (
			);
			runOnlyForDeploymentPostprocessing = 0;
		};
		8264583E2CD95F13008A1786 /* Resources */ = {
			isa = PBXResourcesBuildPhase;
			buildActionMask = 2147483647;
			files = (
			);
			runOnlyForDeploymentPostprocessing = 0;
		};
/* End PBXResourcesBuildPhase section */

/* Begin PBXSourcesBuildPhase section */
		826458212CD95F12008A1786 /* Sources */ = {
			isa = PBXSourcesBuildPhase;
			buildActionMask = 2147483647;
			files = (
				826458612CD9621C008A1786 /* CadastroView.swift in Sources */,
				826458542CD96122008A1786 /* Livro.swift in Sources */,
				8264582B2CD95F12008A1786 /* ContentView.swift in Sources */,
				8264585B2CD961B6008A1786 /* LivroViewModel.swift in Sources */,
				826458582CD96182008A1786 /* ApiService.swift in Sources */,
				8264585E2CD961FA008A1786 /* DetalhesView.swift in Sources */,
				826458292CD95F12008A1786 /* book_catalogue_api_with_swift_uiApp.swift in Sources */,
			);
			runOnlyForDeploymentPostprocessing = 0;
		};
		826458322CD95F13008A1786 /* Sources */ = {
			isa = PBXSourcesBuildPhase;
			buildActionMask = 2147483647;
			files = (
				8264583B2CD95F13008A1786 /* book_catalogue_api_with_swift_uiTests.swift in Sources */,
			);
			runOnlyForDeploymentPostprocessing = 0;
		};
		8264583C2CD95F13008A1786 /* Sources */ = {
			isa = PBXSourcesBuildPhase;
			buildActionMask = 2147483647;
			files = (
				826458472CD95F13008A1786 /* book_catalogue_api_with_swift_uiUITestsLaunchTests.swift in Sources */,
				826458452CD95F13008A1786 /* book_catalogue_api_with_swift_uiUITests.swift in Sources */,
			);
			runOnlyForDeploymentPostprocessing = 0;
		};
/* End PBXSourcesBuildPhase section */

/* Begin PBXTargetDependency section */
		826458382CD95F13008A1786 /* PBXTargetDependency */ = {
			isa = PBXTargetDependency;
			target = 826458242CD95F12008A1786 /* book-catalogue-api-with-swift-ui */;
			targetProxy = 826458372CD95F13008A1786 /* PBXContainerItemProxy */;
		};
		826458422CD95F13008A1786 /* PBXTargetDependency */ = {
			isa = PBXTargetDependency;
			target = 826458242CD95F12008A1786 /* book-catalogue-api-with-swift-ui */;
			targetProxy = 826458412CD95F13008A1786 /* PBXContainerItemProxy */;
		};
/* End PBXTargetDependency section */

/* Begin XCBuildConfiguration section */
		826458482CD95F13008A1786 /* Debug */ = {
			isa = XCBuildConfiguration;
			buildSettings = {
				ALWAYS_SEARCH_USER_PATHS = NO;
				ASSETCATALOG_COMPILER_GENERATE_SWIFT_ASSET_SYMBOL_EXTENSIONS = YES;
				CLANG_ANALYZER_NONNULL = YES;
				CLANG_ANALYZER_NUMBER_OBJECT_CONVERSION = YES_AGGRESSIVE;
				CLANG_CXX_LANGUAGE_STANDARD = "gnu++20";
				CLANG_ENABLE_MODULES = YES;
				CLANG_ENABLE_OBJC_ARC = YES;
				CLANG_ENABLE_OBJC_WEAK = YES;
				CLANG_WARN_BLOCK_CAPTURE_AUTORELEASING = YES;
				CLANG_WARN_BOOL_CONVERSION = YES;
				CLANG_WARN_COMMA = YES;
				CLANG_WARN_CONSTANT_CONVERSION = YES;
				CLANG_WARN_DEPRECATED_OBJC_IMPLEMENTATIONS = YES;
				CLANG_WARN_DIRECT_OBJC_ISA_USAGE = YES_ERROR;
				CLANG_WARN_DOCUMENTATION_COMMENTS = YES;
				CLANG_WARN_EMPTY_BODY = YES;
				CLANG_WARN_ENUM_CONVERSION = YES;
				CLANG_WARN_INFINITE_RECURSION = YES;
				CLANG_WARN_INT_CONVERSION = YES;
				CLANG_WARN_NON_LITERAL_NULL_CONVERSION = YES;
				CLANG_WARN_OBJC_IMPLICIT_RETAIN_SELF = YES;
				CLANG_WARN_OBJC_LITERAL_CONVERSION = YES;
				CLANG_WARN_OBJC_ROOT_CLASS = YES_ERROR;
				CLANG_WARN_QUOTED_INCLUDE_IN_FRAMEWORK_HEADER = YES;
				CLANG_WARN_RANGE_LOOP_ANALYSIS = YES;
				CLANG_WARN_STRICT_PROTOTYPES = YES;
				CLANG_WARN_SUSPICIOUS_MOVE = YES;
				CLANG_WARN_UNGUARDED_AVAILABILITY = YES_AGGRESSIVE;
				CLANG_WARN_UNREACHABLE_CODE = YES;
				CLANG_WARN__DUPLICATE_METHOD_MATCH = YES;
				COPY_PHASE_STRIP = NO;
				DEBUG_INFORMATION_FORMAT = dwarf;
				ENABLE_STRICT_OBJC_MSGSEND = YES;
				ENABLE_TESTABILITY = YES;
				ENABLE_USER_SCRIPT_SANDBOXING = YES;
				GCC_C_LANGUAGE_STANDARD = gnu17;
				GCC_DYNAMIC_NO_PIC = NO;
				GCC_NO_COMMON_BLOCKS = YES;
				GCC_OPTIMIZATION_LEVEL = 0;
				GCC_PREPROCESSOR_DEFINITIONS = (
					"DEBUG=1",
					"$(inherited)",
				);
				GCC_WARN_64_TO_32_BIT_CONVERSION = YES;
				GCC_WARN_ABOUT_RETURN_TYPE = YES_ERROR;
				GCC_WARN_UNDECLARED_SELECTOR = YES;
				GCC_WARN_UNINITIALIZED_AUTOS = YES_AGGRESSIVE;
				GCC_WARN_UNUSED_FUNCTION = YES;
				GCC_WARN_UNUSED_VARIABLE = YES;
				LOCALIZATION_PREFERS_STRING_CATALOGS = YES;
				MTL_ENABLE_DEBUG_INFO = INCLUDE_SOURCE;
				MTL_FAST_MATH = YES;
				ONLY_ACTIVE_ARCH = YES;
				SWIFT_ACTIVE_COMPILATION_CONDITIONS = "DEBUG $(inherited)";
				SWIFT_OPTIMIZATION_LEVEL = "-Onone";
			};
			name = Debug;
		};
		826458492CD95F13008A1786 /* Release */ = {
			isa = XCBuildConfiguration;
			buildSettings = {
				ALWAYS_SEARCH_USER_PATHS = NO;
				ASSETCATALOG_COMPILER_GENERATE_SWIFT_ASSET_SYMBOL_EXTENSIONS = YES;
				CLANG_ANALYZER_NONNULL = YES;
				CLANG_ANALYZER_NUMBER_OBJECT_CONVERSION = YES_AGGRESSIVE;
				CLANG_CXX_LANGUAGE_STANDARD = "gnu++20";
				CLANG_ENABLE_MODULES = YES;
				CLANG_ENABLE_OBJC_ARC = YES;
				CLANG_ENABLE_OBJC_WEAK = YES;
				CLANG_WARN_BLOCK_CAPTURE_AUTORELEASING = YES;
				CLANG_WARN_BOOL_CONVERSION = YES;
				CLANG_WARN_COMMA = YES;
				CLANG_WARN_CONSTANT_CONVERSION = YES;
				CLANG_WARN_DEPRECATED_OBJC_IMPLEMENTATIONS = YES;
				CLANG_WARN_DIRECT_OBJC_ISA_USAGE = YES_ERROR;
				CLANG_WARN_DOCUMENTATION_COMMENTS = YES;
				CLANG_WARN_EMPTY_BODY = YES;
				CLANG_WARN_ENUM_CONVERSION = YES;
				CLANG_WARN_INFINITE_RECURSION = YES;
				CLANG_WARN_INT_CONVERSION = YES;
				CLANG_WARN_NON_LITERAL_NULL_CONVERSION = YES;
				CLANG_WARN_OBJC_IMPLICIT_RETAIN_SELF = YES;
				CLANG_WARN_OBJC_LITERAL_CONVERSION = YES;
				CLANG_WARN_OBJC_ROOT_CLASS = YES_ERROR;
				CLANG_WARN_QUOTED_INCLUDE_IN_FRAMEWORK_HEADER = YES;
				CLANG_WARN_RANGE_LOOP_ANALYSIS = YES;
				CLANG_WARN_STRICT_PROTOTYPES = YES;
				CLANG_WARN_SUSPICIOUS_MOVE = YES;
				CLANG_WARN_UNGUARDED_AVAILABILITY = YES_AGGRESSIVE;
				CLANG_WARN_UNREACHABLE_CODE = YES;
				CLANG_WARN__DUPLICATE_METHOD_MATCH = YES;
				COPY_PHASE_STRIP = NO;
				DEBUG_INFORMATION_FORMAT = "dwarf-with-dsym";
				ENABLE_NS_ASSERTIONS = NO;
				ENABLE_STRICT_OBJC_MSGSEND = YES;
				ENABLE_USER_SCRIPT_SANDBOXING = YES;
				GCC_C_LANGUAGE_STANDARD = gnu17;
				GCC_NO_COMMON_BLOCKS = YES;
				GCC_WARN_64_TO_32_BIT_CONVERSION = YES;
				GCC_WARN_ABOUT_RETURN_TYPE = YES_ERROR;
				GCC_WARN_UNDECLARED_SELECTOR = YES;
				GCC_WARN_UNINITIALIZED_AUTOS = YES_AGGRESSIVE;
				GCC_WARN_UNUSED_FUNCTION = YES;
				GCC_WARN_UNUSED_VARIABLE = YES;
				LOCALIZATION_PREFERS_STRING_CATALOGS = YES;
				MTL_ENABLE_DEBUG_INFO = NO;
				MTL_FAST_MATH = YES;
				SWIFT_COMPILATION_MODE = wholemodule;
			};
			name = Release;
		};
		8264584B2CD95F13008A1786 /* Debug */ = {
			isa = XCBuildConfiguration;
			buildSettings = {
				ASSETCATALOG_COMPILER_APPICON_NAME = AppIcon;
				ASSETCATALOG_COMPILER_GLOBAL_ACCENT_COLOR_NAME = AccentColor;
				CODE_SIGN_ENTITLEMENTS = "book-catalogue-api-with-swift-ui/book_catalogue_api_with_swift_ui.entitlements";
				CODE_SIGN_STYLE = Automatic;
				CURRENT_PROJECT_VERSION = 1;
				DEVELOPMENT_ASSET_PATHS = "\"book-catalogue-api-with-swift-ui/Preview Content\"";
				ENABLE_PREVIEWS = YES;
				GENERATE_INFOPLIST_FILE = YES;
				"INFOPLIST_KEY_UIApplicationSceneManifest_Generation[sdk=iphoneos*]" = YES;
				"INFOPLIST_KEY_UIApplicationSceneManifest_Generation[sdk=iphonesimulator*]" = YES;
				"INFOPLIST_KEY_UIApplicationSupportsIndirectInputEvents[sdk=iphoneos*]" = YES;
				"INFOPLIST_KEY_UIApplicationSupportsIndirectInputEvents[sdk=iphonesimulator*]" = YES;
				"INFOPLIST_KEY_UILaunchScreen_Generation[sdk=iphoneos*]" = YES;
				"INFOPLIST_KEY_UILaunchScreen_Generation[sdk=iphonesimulator*]" = YES;
				"INFOPLIST_KEY_UIStatusBarStyle[sdk=iphoneos*]" = UIStatusBarStyleDefault;
				"INFOPLIST_KEY_UIStatusBarStyle[sdk=iphonesimulator*]" = UIStatusBarStyleDefault;
				INFOPLIST_KEY_UISupportedInterfaceOrientations_iPad = "UIInterfaceOrientationPortrait UIInterfaceOrientationPortraitUpsideDown UIInterfaceOrientationLandscapeLeft UIInterfaceOrientationLandscapeRight";
				INFOPLIST_KEY_UISupportedInterfaceOrientations_iPhone = "UIInterfaceOrientationPortrait UIInterfaceOrientationLandscapeLeft UIInterfaceOrientationLandscapeRight";
				IPHONEOS_DEPLOYMENT_TARGET = 17.2;
				LD_RUNPATH_SEARCH_PATHS = "@executable_path/Frameworks";
				"LD_RUNPATH_SEARCH_PATHS[sdk=macosx*]" = "@executable_path/../Frameworks";
				MACOSX_DEPLOYMENT_TARGET = 14.2;
				MARKETING_VERSION = 1.0;
				PRODUCT_BUNDLE_IDENTIFIER = "viniciusdsandrade.book-catalogue-api-with-swift-ui";
				PRODUCT_NAME = "$(TARGET_NAME)";
				SDKROOT = auto;
				SUPPORTED_PLATFORMS = "iphoneos iphonesimulator macosx";
				SWIFT_EMIT_LOC_STRINGS = YES;
				SWIFT_VERSION = 5.0;
				TARGETED_DEVICE_FAMILY = "1,2";
			};
			name = Debug;
		};
		8264584C2CD95F13008A1786 /* Release */ = {
			isa = XCBuildConfiguration;
			buildSettings = {
				ASSETCATALOG_COMPILER_APPICON_NAME = AppIcon;
				ASSETCATALOG_COMPILER_GLOBAL_ACCENT_COLOR_NAME = AccentColor;
				CODE_SIGN_ENTITLEMENTS = "book-catalogue-api-with-swift-ui/book_catalogue_api_with_swift_ui.entitlements";
				CODE_SIGN_STYLE = Automatic;
				CURRENT_PROJECT_VERSION = 1;
				DEVELOPMENT_ASSET_PATHS = "\"book-catalogue-api-with-swift-ui/Preview Content\"";
				ENABLE_PREVIEWS = YES;
				GENERATE_INFOPLIST_FILE = YES;
				"INFOPLIST_KEY_UIApplicationSceneManifest_Generation[sdk=iphoneos*]" = YES;
				"INFOPLIST_KEY_UIApplicationSceneManifest_Generation[sdk=iphonesimulator*]" = YES;
				"INFOPLIST_KEY_UIApplicationSupportsIndirectInputEvents[sdk=iphoneos*]" = YES;
				"INFOPLIST_KEY_UIApplicationSupportsIndirectInputEvents[sdk=iphonesimulator*]" = YES;
				"INFOPLIST_KEY_UILaunchScreen_Generation[sdk=iphoneos*]" = YES;
				"INFOPLIST_KEY_UILaunchScreen_Generation[sdk=iphonesimulator*]" = YES;
				"INFOPLIST_KEY_UIStatusBarStyle[sdk=iphoneos*]" = UIStatusBarStyleDefault;
				"INFOPLIST_KEY_UIStatusBarStyle[sdk=iphonesimulator*]" = UIStatusBarStyleDefault;
				INFOPLIST_KEY_UISupportedInterfaceOrientations_iPad = "UIInterfaceOrientationPortrait UIInterfaceOrientationPortraitUpsideDown UIInterfaceOrientationLandscapeLeft UIInterfaceOrientationLandscapeRight";
				INFOPLIST_KEY_UISupportedInterfaceOrientations_iPhone = "UIInterfaceOrientationPortrait UIInterfaceOrientationLandscapeLeft UIInterfaceOrientationLandscapeRight";
				IPHONEOS_DEPLOYMENT_TARGET = 17.2;
				LD_RUNPATH_SEARCH_PATHS = "@executable_path/Frameworks";
				"LD_RUNPATH_SEARCH_PATHS[sdk=macosx*]" = "@executable_path/../Frameworks";
				MACOSX_DEPLOYMENT_TARGET = 14.2;
				MARKETING_VERSION = 1.0;
				PRODUCT_BUNDLE_IDENTIFIER = "viniciusdsandrade.book-catalogue-api-with-swift-ui";
				PRODUCT_NAME = "$(TARGET_NAME)";
				SDKROOT = auto;
				SUPPORTED_PLATFORMS = "iphoneos iphonesimulator macosx";
				SWIFT_EMIT_LOC_STRINGS = YES;
				SWIFT_VERSION = 5.0;
				TARGETED_DEVICE_FAMILY = "1,2";
			};
			name = Release;
		};
		8264584E2CD95F13008A1786 /* Debug */ = {
			isa = XCBuildConfiguration;
			buildSettings = {
				ALWAYS_EMBED_SWIFT_STANDARD_LIBRARIES = YES;
				BUNDLE_LOADER = "$(TEST_HOST)";
				CODE_SIGN_STYLE = Automatic;
				CURRENT_PROJECT_VERSION = 1;
				GENERATE_INFOPLIST_FILE = YES;
				IPHONEOS_DEPLOYMENT_TARGET = 17.2;
				MACOSX_DEPLOYMENT_TARGET = 14.2;
				MARKETING_VERSION = 1.0;
				PRODUCT_BUNDLE_IDENTIFIER = "viniciusdsandrade.book-catalogue-api-with-swift-uiTests";
				PRODUCT_NAME = "$(TARGET_NAME)";
				SDKROOT = auto;
				SUPPORTED_PLATFORMS = "iphoneos iphonesimulator macosx";
				SWIFT_EMIT_LOC_STRINGS = NO;
				SWIFT_VERSION = 5.0;
				TARGETED_DEVICE_FAMILY = "1,2";
				TEST_HOST = "$(BUILT_PRODUCTS_DIR)/book-catalogue-api-with-swift-ui.app/$(BUNDLE_EXECUTABLE_FOLDER_PATH)/book-catalogue-api-with-swift-ui";
			};
			name = Debug;
		};
		8264584F2CD95F13008A1786 /* Release */ = {
			isa = XCBuildConfiguration;
			buildSettings = {
				ALWAYS_EMBED_SWIFT_STANDARD_LIBRARIES = YES;
				BUNDLE_LOADER = "$(TEST_HOST)";
				CODE_SIGN_STYLE = Automatic;
				CURRENT_PROJECT_VERSION = 1;
				GENERATE_INFOPLIST_FILE = YES;
				IPHONEOS_DEPLOYMENT_TARGET = 17.2;
				MACOSX_DEPLOYMENT_TARGET = 14.2;
				MARKETING_VERSION = 1.0;
				PRODUCT_BUNDLE_IDENTIFIER = "viniciusdsandrade.book-catalogue-api-with-swift-uiTests";
				PRODUCT_NAME = "$(TARGET_NAME)";
				SDKROOT = auto;
				SUPPORTED_PLATFORMS = "iphoneos iphonesimulator macosx";
				SWIFT_EMIT_LOC_STRINGS = NO;
				SWIFT_VERSION = 5.0;
				TARGETED_DEVICE_FAMILY = "1,2";
				TEST_HOST = "$(BUILT_PRODUCTS_DIR)/book-catalogue-api-with-swift-ui.app/$(BUNDLE_EXECUTABLE_FOLDER_PATH)/book-catalogue-api-with-swift-ui";
			};
			name = Release;
		};
		826458512CD95F13008A1786 /* Debug */ = {
			isa = XCBuildConfiguration;
			buildSettings = {
				ALWAYS_EMBED_SWIFT_STANDARD_LIBRARIES = YES;
				CODE_SIGN_STYLE = Automatic;
				CURRENT_PROJECT_VERSION = 1;
				GENERATE_INFOPLIST_FILE = YES;
				IPHONEOS_DEPLOYMENT_TARGET = 17.2;
				MACOSX_DEPLOYMENT_TARGET = 14.2;
				MARKETING_VERSION = 1.0;
				PRODUCT_BUNDLE_IDENTIFIER = "viniciusdsandrade.book-catalogue-api-with-swift-uiUITests";
				PRODUCT_NAME = "$(TARGET_NAME)";
				SDKROOT = auto;
				SUPPORTED_PLATFORMS = "iphoneos iphonesimulator macosx";
				SWIFT_EMIT_LOC_STRINGS = NO;
				SWIFT_VERSION = 5.0;
				TARGETED_DEVICE_FAMILY = "1,2";
				TEST_TARGET_NAME = "book-catalogue-api-with-swift-ui";
			};
			name = Debug;
		};
		826458522CD95F13008A1786 /* Release */ = {
			isa = XCBuildConfiguration;
			buildSettings = {
				ALWAYS_EMBED_SWIFT_STANDARD_LIBRARIES = YES;
				CODE_SIGN_STYLE = Automatic;
				CURRENT_PROJECT_VERSION = 1;
				GENERATE_INFOPLIST_FILE = YES;
				IPHONEOS_DEPLOYMENT_TARGET = 17.2;
				MACOSX_DEPLOYMENT_TARGET = 14.2;
				MARKETING_VERSION = 1.0;
				PRODUCT_BUNDLE_IDENTIFIER = "viniciusdsandrade.book-catalogue-api-with-swift-uiUITests";
				PRODUCT_NAME = "$(TARGET_NAME)";
				SDKROOT = auto;
				SUPPORTED_PLATFORMS = "iphoneos iphonesimulator macosx";
				SWIFT_EMIT_LOC_STRINGS = NO;
				SWIFT_VERSION = 5.0;
				TARGETED_DEVICE_FAMILY = "1,2";
				TEST_TARGET_NAME = "book-catalogue-api-with-swift-ui";
			};
			name = Release;
		};
/* End XCBuildConfiguration section */

/* Begin XCConfigurationList section */
		826458202CD95F12008A1786 /* Build configuration list for PBXProject "book-catalogue-api-with-swift-ui" */ = {
			isa = XCConfigurationList;
			buildConfigurations = (
				826458482CD95F13008A1786 /* Debug */,
				826458492CD95F13008A1786 /* Release */,
			);
			defaultConfigurationIsVisible = 0;
			defaultConfigurationName = Release;
		};
		8264584A2CD95F13008A1786 /* Build configuration list for PBXNativeTarget "book-catalogue-api-with-swift-ui" */ = {
			isa = XCConfigurationList;
			buildConfigurations = (
				8264584B2CD95F13008A1786 /* Debug */,
				8264584C2CD95F13008A1786 /* Release */,
			);
			defaultConfigurationIsVisible = 0;
			defaultConfigurationName = Release;
		};
		8264584D2CD95F13008A1786 /* Build configuration list for PBXNativeTarget "book-catalogue-api-with-swift-uiTests" */ = {
			isa = XCConfigurationList;
			buildConfigurations = (
				8264584E2CD95F13008A1786 /* Debug */,
				8264584F2CD95F13008A1786 /* Release */,
			);
			defaultConfigurationIsVisible = 0;
			defaultConfigurationName = Release;
		};
		826458502CD95F13008A1786 /* Build configuration list for PBXNativeTarget "book-catalogue-api-with-swift-uiUITests" */ = {
			isa = XCConfigurationList;
			buildConfigurations = (
				826458512CD95F13008A1786 /* Debug */,
				826458522CD95F13008A1786 /* Release */,
			);
			defaultConfigurationIsVisible = 0;
			defaultConfigurationName = Release;
		};
/* End XCConfigurationList section */
	};
	rootObject = 8264581D2CD95F12008A1786 /* Project object */;
}
